
Microsoft Visual Studio Solution File, Format Version 12.00
# Visual Studio Version 17
VisualStudioVersion = 17.0.31903.59
MinimumVisualStudioVersion = 10.0.40219.1
Project("{FAE04EC0-301F-11D3-BF4B-00C04F79EFBC}") = "WebApplication1", "WebApplication1\WebApplication1.csproj", "{23E83EAC-D390-4609-93F3-58CBE4725BB7}"
EndProject
Project("{2150E333-8FDC-42A3-9474-1A3956D46DE8}") = "prac-2", "prac-2", "{0A0D9400-1C58-4CD3-BE03-67688F2FE437}"
EndProject
Project("{FAE04EC0-301F-11D3-BF4B-00C04F79EFBC}") = "pract-2", "prac-2\pract-2\pract-2.csproj", "{6800A8CB-A1C9-43E4-AFCD-1C775DB69A89}"
EndProject
Project("{FAE04EC0-301F-11D3-BF4B-00C04F79EFBC}") = "ThirdPractical", "ThirdPractical\ThirdPractical.csproj", "{1BC229B3-4DC0-4BE2-83E0-EE91E0264BCE}"
EndProject
Project("{FAE04EC0-301F-11D3-BF4B-00C04F79EFBC}") = "LabelPrac", "LabelPrac\LabelPrac.csproj", "{4A414DF2-68F9-4857-9EF4-684C8E8EB6EA}"
EndProject
Global
	GlobalSection(SolutionConfigurationPlatforms) = preSolution
		Debug|Any CPU = Debug|Any CPU
		Release|Any CPU = Release|Any CPU
	EndGlobalSection
	GlobalSection(SolutionProperties) = preSolution
		HideSolutionNode = FALSE
	EndGlobalSection
	GlobalSection(ProjectConfigurationPlatforms) = postSolution
		{23E83EAC-D390-4609-93F3-58CBE4725BB7}.Debug|Any CPU.ActiveCfg = Debug|Any CPU
		{23E83EAC-D390-4609-93F3-58CBE4725BB7}.Debug|Any CPU.Build.0 = Debug|Any CPU
		{23E83EAC-D390-4609-93F3-58CBE4725BB7}.Release|Any CPU.ActiveCfg = Release|Any CPU
		{23E83EAC-D390-4609-93F3-58CBE4725BB7}.Release|Any CPU.Build.0 = Release|Any CPU
		{6800A8CB-A1C9-43E4-AFCD-1C775DB69A89}.Debug|Any CPU.ActiveCfg = Debug|Any CPU
		{6800A8CB-A1C9-43E4-AFCD-1C775DB69A89}.Debug|Any CPU.Build.0 = Debug|Any CPU
		{6800A8CB-A1C9-43E4-AFCD-1C775DB69A89}.Release|Any CPU.ActiveCfg = Release|Any CPU
		{6800A8CB-A1C9-43E4-AFCD-1C775DB69A89}.Release|Any CPU.Build.0 = Release|Any CPU
		{1BC229B3-4DC0-4BE2-83E0-EE91E0264BCE}.Debug|Any CPU.ActiveCfg = Debug|Any CPU
		{1BC229B3-4DC0-4BE2-83E0-EE91E0264BCE}.Debug|Any CPU.Build.0 = Debug|Any CPU
		{1BC229B3-4DC0-4BE2-83E0-EE91E0264BCE}.Release|Any CPU.ActiveCfg = Release|Any CPU
		{1BC229B3-4DC0-4BE2-83E0-EE91E0264BCE}.Release|Any CPU.Build.0 = Release|Any CPU
		{4A414DF2-68F9-4857-9EF4-684C8E8EB6EA}.Debug|Any CPU.ActiveCfg = Debug|Any CPU
		{4A414DF2-68F9-4857-9EF4-684C8E8EB6EA}.Debug|Any CPU.Build.0 = Debug|Any CPU
		{4A414DF2-68F9-4857-9EF4-684C8E8EB6EA}.Release|Any CPU.ActiveCfg = Release|Any CPU
		{4A414DF2-68F9-4857-9EF4-684C8E8EB6EA}.Release|Any CPU.Build.0 = Release|Any CPU
	EndGlobalSection
	GlobalSection(NestedProjects) = preSolution
		{6800A8CB-A1C9-43E4-AFCD-1C775DB69A89} = {0A0D9400-1C58-4CD3-BE03-67688F2FE437}
	EndGlobalSection
EndGlobal
